
Microsoft Visual Studio Solution File, Format Version 12.00
# Visual Studio Version 16
VisualStudioVersion = 16.0.31129.286
MinimumVisualStudioVersion = 10.0.40219.1
Project("{FAE04EC0-301F-11D3-BF4B-00C04F79EFBC}") = "DAY21", "DAY21\DAY21.csproj", "{0273FE0E-0949-4B4C-818F-BC249B9C4086}"
EndProject
Global
	GlobalSection(SolutionConfigurationPlatforms) = preSolution
		Debug|Any CPU = Debug|Any CPU
		Release|Any CPU = Release|Any CPU
	EndGlobalSection
	GlobalSection(ProjectConfigurationPlatforms) = postSolution
		{0273FE0E-0949-4B4C-818F-BC249B9C4086}.Debug|Any CPU.ActiveCfg = Debug|Any CPU
		{0273FE0E-0949-4B4C-818F-BC249B9C4086}.Debug|Any CPU.Build.0 = Debug|Any CPU
		{0273FE0E-0949-4B4C-818F-BC249B9C4086}.Release|Any CPU.ActiveCfg = Release|Any CPU
		{0273FE0E-0949-4B4C-818F-BC249B9C4086}.Release|Any CPU.Build.0 = Release|Any CPU
	EndGlobalSection
	GlobalSection(SolutionProperties) = preSolution
		HideSolutionNode = FALSE
	EndGlobalSection
	GlobalSection(ExtensibilityGlobals) = postSolution
		SolutionGuid = {5EBBBCB8-4FDD-4055-BC55-0783B9B517CB}
	EndGlobalSection
EndGlobal
